lockfileVersion: '9.0'

settings:
  autoInstallPeers: true
  excludeLinksFromLockfile: false

importers:

  .:
    devDependencies:
      '@typescript/native-preview':
        specifier: ^7.0.0-dev.20250618.1
        version: 7.0.0-dev.20251103.1
      socket.io-client:
        specifier: ^4.8.1
        version: 4.8.1

packages:

  '@socket.io/component-emitter@3.1.2':
    resolution: {integrity: sha512-9BCxFwvbGg/RsZK9tjXd8s4UcwR0MWeFQ1XEKIQVVvAGJyINdrqKMcTRyLoK8Rse1GjzLV9cwjWV1olXRWEXVA==}

  '@typescript/native-preview-darwin-arm64@7.0.0-dev.20251103.1':
    resolution: {integrity: sha512-yqUxUts3zpxy0x+Rk/9VC+ZiwzXTiuNpgLbhLAR1inFxuk0kTM8xoQERaIk+DUn6guEmRiCzOw23aJ9u6E+GfA==}
    cpu: [arm64]
    os: [darwin]

  '@typescript/native-preview-darwin-x64@7.0.0-dev.20251103.1':
    resolution: {integrity: sha512-jboMuar6TgvnnOZk8t/X2gZp4TUtsP9xtUnLEMEHRPWK3LFBJpjDFRUH70vOpW9hWIKYajlkF8JutclCPX5sBQ==}
    cpu: [x64]
    os: [darwin]

  '@typescript/native-preview-linux-arm64@7.0.0-dev.20251103.1':
    resolution: {integrity: sha512-PZewTo76n2chP8o0Fwq2543jVVSY7aiZMBsapB82+w/XecFuCQtFRYNN02x6pjHeVjgv5fcWS3+LzHa1zv10qw==}
    cpu: [arm64]
    os: [linux]

  '@typescript/native-preview-linux-arm@7.0.0-dev.20251103.1':
    resolution: {integrity: sha512-QY+0W9TPxHub8vSFjemo3txSpCNGw3LqnrLKKlGUIuLW+Ohproo+o7Fq21dksPQ4g0NDWY19qlm/36QhsXKRNQ==}
    cpu: [arm]
    os: [linux]

  '@typescript/native-preview-linux-x64@7.0.0-dev.20251103.1':
    resolution: {integrity: sha512-wdFUmmz5XFUvWQ54l3f8ODah86b6Z4FnG9gndjOdYRY2FGDCOdmeoBqLHDiGUIzTHr5FMMyz2EfScN+qtUh4Dw==}
    cpu: [x64]
    os: [linux]

  '@typescript/native-preview-win32-arm64@7.0.0-dev.20251103.1':
    resolution: {integrity: sha512-A00+b8mbwJ4RFwXZN4vNcIBGZcdBCFm23lBhw8uaUgLY1Ot81FZvJE3YZcbRrZwEiyrwd3hAMdnDBWUwMA9YqA==}
    cpu: [arm64]
    os: [win32]

  '@typescript/native-preview-win32-x64@7.0.0-dev.20251103.1':
    resolution: {integrity: sha512-25Pqk65M3fjQdsnwBLym5ALSdQlQAqHKrzZOkIs1uFKxIfZ5s9658Kjfj2fiMX5m3imk9IqzpP+fvKbgP1plIw==}
    cpu: [x64]
    os: [win32]

  '@typescript/native-preview@7.0.0-dev.20251103.1':
    resolution: {integrity: sha512-Pcyltv+XIbaCoRaD3btY3qu+B1VzvEgNGlq1lM0O11QTPRLHyoEfvtLqyPKuSDgD90gDbtCPGUppVkpQouLBVQ==}
    hasBin: true

  debug@4.3.7:
    resolution: {integrity: sha512-Er2nc/H7RrMXZBFCEim6TCmMk02Z8vLC2Rbi1KEBggpo0fS6l0S1nnapwmIi3yW/+GOJap1Krg4w0Hg80oCqgQ==}
    engines: {node: '>=6.0'}
    peerDependencies:
      supports-color: '*'
    peerDependenciesMeta:
      supports-color:
        optional: true

  engine.io-client@6.6.3:
    resolution: {integrity: sha512-T0iLjnyNWahNyv/lcjS2y4oE358tVS/SYQNxYXGAJ9/GLgH4VCvOQ/mhTjqU88mLZCQgiG8RIegFHYCdVC+j5w==}

  engine.io-parser@5.2.3:
    resolution: {integrity: sha512-HqD3yTBfnBxIrbnM1DoD6Pcq8NECnh8d4As1Qgh0z5Gg3jRRIqijury0CL3ghu/edArpUYiYqQiDUQBIs4np3Q==}
    engines: {node: '>=10.0.0'}

  ms@2.1.3:
    resolution: {integrity: sha512-6FlzubTLZG3J2a/NVCAleEhjzq5oxgHyaCU9yYXvcLsvoVaHJq/s5xXI6/XXP6tz7R9xAOtHnSO/tXtF3WRTlA==}

  socket.io-client@4.8.1:
    resolution: {integrity: sha512-hJVXfu3E28NmzGk8o1sHhN3om52tRvwYeidbj7xKy2eIIse5IoKX3USlS6Tqt3BHAtflLIkCQBkzVrEEfWUyYQ==}
    engines: {node: '>=10.0.0'}

  socket.io-parser@4.2.4:
    resolution: {integrity: sha512-/GbIKmo8ioc+NIWIhwdecY0ge+qVBSMdgxGygevmdHj24bsfgtCmcUUcQ5ZzcylGFHsN3k4HB4Cgkl96KVnuew==}
    engines: {node: '>=10.0.0'}

  ws@8.17.1:
    resolution: {integrity: sha512-6XQFvXTkbfUOZOKKILFG1PDK2NDQs4azKQl26T0YS5CxqWLgXajbPZ+h4gZekJyRqFU8pvnbAbbs/3TgRPy+GQ==}
    engines: {node: '>=10.0.0'}
    peerDependencies:
      bufferutil: ^4.0.1
      utf-8-validate: '>=5.0.2'
    peerDependenciesMeta:
      bufferutil:
        optional: true
      utf-8-validate:
        optional: true

  xmlhttprequest-ssl@2.1.2:
    resolution: {integrity: sha512-TEU+nJVUUnA4CYJFLvK5X9AOeH4KvDvhIfm0vV1GaQRtchnG0hgK5p8hw/xjv8cunWYCsiPCSDzObPyhEwq3KQ==}
    engines: {node: '>=0.4.0'}

snapshots:

  '@socket.io/component-emitter@3.1.2': {}

  '@typescript/native-preview-darwin-arm64@7.0.0-dev.20251103.1':
    optional: true

  '@typescript/native-preview-darwin-x64@7.0.0-dev.20251103.1':
    optional: true

  '@typescript/native-preview-linux-arm64@7.0.0-dev.20251103.1':
    optional: true

  '@typescript/native-preview-linux-arm@7.0.0-dev.20251103.1':
    optional: true

  '@typescript/native-preview-linux-x64@7.0.0-dev.20251103.1':
    optional: true

  '@typescript/native-preview-win32-arm64@7.0.0-dev.20251103.1':
    optional: true

  '@typescript/native-preview-win32-x64@7.0.0-dev.20251103.1':
    optional: true

  '@typescript/native-preview@7.0.0-dev.20251103.1':
    optionalDependencies:
      '@typescript/native-preview-darwin-arm64': 7.0.0-dev.20251103.1
      '@typescript/native-preview-darwin-x64': 7.0.0-dev.20251103.1
      '@typescript/native-preview-linux-arm': 7.0.0-dev.20251103.1
      '@typescript/native-preview-linux-arm64': 7.0.0-dev.20251103.1
      '@typescript/native-preview-linux-x64': 7.0.0-dev.20251103.1
      '@typescript/native-preview-win32-arm64': 7.0.0-dev.20251103.1
      '@typescript/native-preview-win32-x64': 7.0.0-dev.20251103.1

  debug@4.3.7:
    dependencies:
      ms: 2.1.3

  engine.io-client@6.6.3:
    dependencies:
      '@socket.io/component-emitter': 3.1.2
      debug: 4.3.7
      engine.io-parser: 5.2.3
      ws: 8.17.1
      xmlhttprequest-ssl: 2.1.2
    transitivePeerDependencies:
      - bufferutil
      - supports-color
      - utf-8-validate

  engine.io-parser@5.2.3: {}

  ms@2.1.3: {}

  socket.io-client@4.8.1:
    dependencies:
      '@socket.io/component-emitter': 3.1.2
      debug: 4.3.7
      engine.io-client: 6.6.3
      socket.io-parser: 4.2.4
    transitivePeerDependencies:
      - bufferutil
      - supports-color
      - utf-8-validate

  socket.io-parser@4.2.4:
    dependencies:
      '@socket.io/component-emitter': 3.1.2
      debug: 4.3.7
    transitivePeerDependencies:
      - supports-color

  ws@8.17.1: {}

  xmlhttprequest-ssl@2.1.2: {}
